{
  "requires": true,
  "lockfileVersion": 1,
  "dependencies": {
    "@pnp/core": {
      "version": "3.12.1",
      "resolved": "https://registry.npmjs.org/@pnp/core/-/core-3.12.1.tgz",
      "integrity": "sha512-bZz+niylJ6Zu2Y2S5jB3hiLYQtHXCkJ1YuCjXN97tOkYbqTD+Rf55ewaeBqGbRcrinBxlfBWlFjxQGVbZY4bRA==",
      "requires": {
        "tslib": "2.4.1"
      }
    },
    "@pnp/queryable": {
      "version": "3.12.1",
      "resolved": "https://registry.npmjs.org/@pnp/queryable/-/queryable-3.12.1.tgz",
      "integrity": "sha512-iFEcEpbjw1e92Tycyj4KMLcpA4sY/gU9e6gGp6VGzg7gBIZKxlfYO6RsCejW+kn2snfpn7F4kAHwqwYtNVpAKg==",
      "requires": {
        "@pnp/core": "3.12.1",
        "tslib": "2.4.1"
      }
    },
    "@pnp/sp": {
      "version": "3.12.1",
      "resolved": "https://registry.npmjs.org/@pnp/sp/-/sp-3.12.1.tgz",
      "integrity": "sha512-5/dM4HnoxZzg5Wrfjr8sQr+fQxL77hBMt+n5/Y7GwUmOHHVHYFnNs3xqBf8GLeu62mYfuCXjerZzYquj6pBEQA==",
      "requires": {
        "@pnp/core": "3.12.1",
        "@pnp/queryable": "3.12.1",
        "tslib": "2.4.1"
      }
    },
    "tslib": {
      "version": "2.4.1",
      "resolved": "https://registry.npmjs.org/tslib/-/tslib-2.4.1.tgz",
      "integrity": "sha512-tGyy4dAjRIEwI7BzsB0lynWgOpfqjUdq91XXAlIWD2OwKBH7oCl/GZG/HT4BOHrTlPMOASlMQ7veyTqpmRcrNA=="
    }
  }
}
